
Microsoft Visual Studio Solution File, Format Version 12.00
# Visual Studio 15
VisualStudioVersion = 15.0.27004.2006
MinimumVisualStudioVersion = 10.0.40219.1
Project("{54435603-DBB4-11D2-8724-00A0C9A8B90C}") = "GldaniParkInstaller", "GldaniParkInstaller\GldaniParkInstaller.vdproj", "{FB092BFA-5FF3-4F3B-9066-9BD6B9103A19}"
EndProject
Project("{FAE04EC0-301F-11D3-BF4B-00C04F79EFBC}") = "GldaniParkForm", "..\GldaniParkForm\GldaniParkForm.csproj", "{D31DBA45-298B-4EC1-862D-71FFBFECAF98}"
EndProject
Global
	GlobalSection(SolutionConfigurationPlatforms) = preSolution
		Debug|Any CPU = Debug|Any CPU
		Release|Any CPU = Release|Any CPU
	EndGlobalSection
	GlobalSection(ProjectConfigurationPlatforms) = postSolution
		{FB092BFA-5FF3-4F3B-9066-9BD6B9103A19}.Debug|Any CPU.ActiveCfg = Debug
		{FB092BFA-5FF3-4F3B-9066-9BD6B9103A19}.Debug|Any CPU.Build.0 = Debug
		{FB092BFA-5FF3-4F3B-9066-9BD6B9103A19}.Release|Any CPU.ActiveCfg = Release
		{FB092BFA-5FF3-4F3B-9066-9BD6B9103A19}.Release|Any CPU.Build.0 = Release
		{D31DBA45-298B-4EC1-862D-71FFBFECAF98}.Debug|Any CPU.ActiveCfg = Debug|Any CPU
		{D31DBA45-298B-4EC1-862D-71FFBFECAF98}.Debug|Any CPU.Build.0 = Debug|Any CPU
		{D31DBA45-298B-4EC1-862D-71FFBFECAF98}.Release|Any CPU.ActiveCfg = Release|Any CPU
		{D31DBA45-298B-4EC1-862D-71FFBFECAF98}.Release|Any CPU.Build.0 = Release|Any CPU
	EndGlobalSection
	GlobalSection(SolutionProperties) = preSolution
		HideSolutionNode = FALSE
	EndGlobalSection
	GlobalSection(ExtensibilityGlobals) = postSolution
		SolutionGuid = {DF6DF1CD-2EB1-4183-8859-C1282BEE9509}
	EndGlobalSection
EndGlobal
